
Microsoft Visual Studio Solution File, Format Version 12.00
# Visual Studio Version 17
VisualStudioVersion = 17.11.35222.181
MinimumVisualStudioVersion = 10.0.40219.1
Project("{FAE04EC0-301F-11D3-BF4B-00C04F79EFBC}") = "Basic-Blog", "Basic-Blog\Basic-Blog.csproj", "{B597E4E0-3A2F-4888-A5E9-A1C007A7376F}"
EndProject
Global
	GlobalSection(SolutionConfigurationPlatforms) = preSolution
		Debug|Any CPU = Debug|Any CPU
		Release|Any CPU = Release|Any CPU
	EndGlobalSection
	GlobalSection(ProjectConfigurationPlatforms) = postSolution
		{B597E4E0-3A2F-4888-A5E9-A1C007A7376F}.Debug|Any CPU.ActiveCfg = Debug|Any CPU
		{B597E4E0-3A2F-4888-A5E9-A1C007A7376F}.Debug|Any CPU.Build.0 = Debug|Any CPU
		{B597E4E0-3A2F-4888-A5E9-A1C007A7376F}.Release|Any CPU.ActiveCfg = Release|Any CPU
		{B597E4E0-3A2F-4888-A5E9-A1C007A7376F}.Release|Any CPU.Build.0 = Release|Any CPU
	EndGlobalSection
	GlobalSection(SolutionProperties) = preSolution
		HideSolutionNode = FALSE
	EndGlobalSection
	GlobalSection(ExtensibilityGlobals) = postSolution
		SolutionGuid = {693404E1-4D11-427A-8D88-B1731E4C7537}
	EndGlobalSection
EndGlobal
